# This file was autogenerated by Stack.
# You should not edit this file by hand.
# For more information, please see the documentation at:
#   https://docs.haskellstack.org/en/stable/lock_files

packages:
- completed:
    hackage: helm-1.0.0@sha256:d302a857ec4bfaf720ba5f2345fe2cc3df5d61d920173172ca092671340f700f,2141
    pantry-tree:
      size: 1627
      sha256: 6cba949fd72a2bfaefb5efb8ec5f55e6aed055d330a7102cf46b5bc58953a3ff
  original:
    hackage: helm-1.0.0
- completed:
    hackage: cairo-0.13.6.0@sha256:a9122d48957a2dbb5a177e5068b850efa1e99bb22c68eb2571165c3c945a8dd6,4187
    pantry-tree:
      size: 2830
      sha256: 180df55408086398e9901a6bcb2720da6fcecac5f57abcdb4df1251a686f1bb7
  original:
    hackage: cairo-0.13.6.0
- completed:
    hackage: pango-0.13.6.0@sha256:ed8d300945bea97ccb652efc73d159634aefebff8c64f60eef6b6ac5ecebc4ae,3881
    pantry-tree:
      size: 1506
      sha256: 4563a04bbeac051cb257534bce68240956868936d64bf1b81c377aae0c98f9b1
  original:
    hackage: pango-0.13.6.0
- completed:
    hackage: glib-0.13.7.0@sha256:25f62eb48d104342537dd1c724f07355d56226ca595ce6f1848415fbb7f59fa7,3120
    pantry-tree:
      size: 1625
      sha256: 3c465a6ff9d66eeff421271202e5f2537babf865d38541fed78b983317698c71
  original:
    hackage: glib-0.13.7.0
- completed:
    hackage: gtk2hs-buildtools-0.13.5.0@sha256:a765766c4208a3e4def319ebf280fbb9e7d0a3f28d15922db36970404fb1daee,5238
    pantry-tree:
      size: 3588
      sha256: bcc65d134ad8b4ceb31166eb5d6082575284fe069f28a1dfae43ee968f55461d
  original:
    hackage: gtk2hs-buildtools-0.13.5.0
- completed:
    hackage: brick-0.50@sha256:c06764c6471f982283d68757dbbf6ab6c75a7e86dd9ca93d3abad7e9c89b766a,14378
    pantry-tree:
      size: 3752
      sha256: 1ab53febbcfb7f5b4e937f44184a4d63c278a0cca721bb896a65e502548b8084
  original:
    hackage: brick-0.50@sha256:c06764c6471f982283d68757dbbf6ab6c75a7e86dd9ca93d3abad7e9c89b766a,14378
- completed:
    hackage: config-ini-0.2.4.0@sha256:38a6d484d471c6fac81445de2eac8c4e8c82760962fca5491ae1c3bfca9c4047,3232
    pantry-tree:
      size: 886
      sha256: b608472507ec84e468f768acab36d8c85b46bcf918f2a60604fff46137160d2d
  original:
    hackage: config-ini-0.2.4.0@sha256:38a6d484d471c6fac81445de2eac8c4e8c82760962fca5491ae1c3bfca9c4047,3232
- completed:
    hackage: data-clist-0.1.2.3@sha256:0a4ad5f045c285eb533c2baa228581d2ff3ee123a4da7ca84e95a74aea9fb058,936
    pantry-tree:
      size: 219
      sha256: 3d708d2da0d526aada2a1bd72e233133ee2a9f96e229ea122e5267a65f683a13
  original:
    hackage: data-clist-0.1.2.3@sha256:0a4ad5f045c285eb533c2baa228581d2ff3ee123a4da7ca84e95a74aea9fb058,936
- completed:
    hackage: containers-0.6.0.1@sha256:50024f330653c702a339f7743522b3c2a4fff9c6bf5a7071affe270da2ee649a,15843
    pantry-tree:
      size: 4933
      sha256: 9a33a9d98310bf01b0ee2dd041dfdaaabfcbc07547a4c60443678a22cb114299
  original:
    hackage: containers-0.6.0.1
- completed:
    hackage: text-zipper-0.10.1@sha256:8b73a97a3717a17df9b0a722b178950c476ff2268ca5c583e99d010c94af849e,1471
    pantry-tree:
      size: 600
      sha256: ebd5f0e2fc8c59b1bde6706cef1fdb012d52bb26b3953a97a4fa6502f56cdd65
  original:
    hackage: text-zipper-0.10.1@sha256:8b73a97a3717a17df9b0a722b178950c476ff2268ca5c583e99d010c94af849e,1471
- completed:
    hackage: word-wrap-0.4.1@sha256:f72233b383ef569c557bfd9812cbb8e306c415ce509082c0bd15ee51c0239ccc,1606
    pantry-tree:
      size: 423
      sha256: dcf5071895ee477e60e3c9de1e30eb711e11e9a7335db160616f80baeb20ad71
  original:
    hackage: word-wrap-0.4.1@sha256:f72233b383ef569c557bfd9812cbb8e306c415ce509082c0bd15ee51c0239ccc,1606
snapshots:
- completed:
    size: 499461
    url: https://raw.githubusercontent.com/commercialhaskell/stackage-snapshots/master/lts/13/25.yaml
    sha256: aed98969628e20615e96b06083c933c7e3354ae56b08b75e607a26569225d6c0
  original: lts-13.25
